{
  "name": "ide-kos",
  "version": "0.1.1",
  "lockfileVersion": 1,
  "requires": true,
  "dependencies": {
    "@types/atom": {
      "version": "1.36.0",
      "resolved": "https://registry.npmjs.org/@types/atom/-/atom-1.36.0.tgz",
      "integrity": "sha512-px2cl1EjbqqZe3xvL2HDBv7TKWKWjaz/rMRbed019sq89DjrRsDSq49CvAzn9KY2ASp9mOYn9uzWGK8Vm3YM6A==",
      "dev": true,
      "requires": {
        "@types/node": "*"
      }
    },
    "@types/node": {
      "version": "11.13.6",
      "resolved": "https://registry.npmjs.org/@types/node/-/node-11.13.6.tgz",
      "integrity": "sha512-Xoo/EBzEe8HxTSwaZNLZjaW6M6tA/+GmD3/DZ6uo8qSaolE/9Oarko0oV1fVfrLqOz0tx0nXJB4rdD5c+vixLw==",
      "dev": true
    },
    "atom-languageclient": {
      "version": "0.9.9",
      "resolved": "https://registry.npmjs.org/atom-languageclient/-/atom-languageclient-0.9.9.tgz",
      "integrity": "sha512-eAKLFhprcDksPtDtG2lrhQEosNMxEbS7MISpw7n6TIoPmTgolvo+GPAF+nSV+Z9MCss91i+M+TNk9Mj5C7y/CQ==",
      "requires": {
        "fuzzaldrin-plus": "^0.6.0",
        "vscode-jsonrpc": "4.0.0",
        "vscode-languageserver-protocol": "3.12.0",
        "vscode-languageserver-types": "3.12.0"
      },
      "dependencies": {
        "vscode-languageserver-protocol": {
          "version": "3.12.0",
          "resolved": "https://registry.npmjs.org/vscode-languageserver-protocol/-/vscode-languageserver-protocol-3.12.0.tgz",
          "integrity": "sha512-evY6hmyzLnwQrqlQWPrNBq1z8wrSNjLesmgPzeS6Zv11mVS5UJRel26hbM/DH5tHdn45huNzRW0eFHRmIm8LpA==",
          "requires": {
            "vscode-jsonrpc": "^3.6.2",
            "vscode-languageserver-types": "^3.12.0"
          },
          "dependencies": {
            "vscode-jsonrpc": {
              "version": "3.6.2",
              "resolved": "https://registry.npmjs.org/vscode-jsonrpc/-/vscode-jsonrpc-3.6.2.tgz",
              "integrity": "sha512-T24Jb5V48e4VgYliUXMnZ379ItbrXgOimweKaJshD84z+8q7ZOZjJan0MeDe+Ugb+uqERDVV8SBmemaGMSMugA=="
            }
          }
        },
        "vscode-languageserver-types": {
          "version": "3.12.0",
          "resolved": "https://registry.npmjs.org/vscode-languageserver-types/-/vscode-languageserver-types-3.12.0.tgz",
          "integrity": "sha512-UxqnpzBToPO7Mi2tr/s5JeyPOSKSJtLB8lIdxCg9ZNdvP2cU8wS7iTDtwQKz91Ne4CUmTdf85ddR5SIZKXmMjQ=="
        }
      }
    },
    "fuzzaldrin-plus": {
      "version": "0.6.0",
      "resolved": "https://registry.npmjs.org/fuzzaldrin-plus/-/fuzzaldrin-plus-0.6.0.tgz",
      "integrity": "sha1-gy9kifvodnaUWVmckUpnDsIpR+4="
    },
    "jstat": {
      "version": "1.7.1",
      "resolved": "https://registry.npmjs.org/jstat/-/jstat-1.7.1.tgz",
      "integrity": "sha512-lcWi9NKovcx8jdCvgsIzua3KB5rs+TK9cyH1NWyctj+e09jKZTk70vv/EdYSG5mp8MiID2TdepavXn4LUr8rZQ=="
    },
    "kos-language-server": {
      "version": "0.3.1",
      "resolved": "https://registry.npmjs.org/kos-language-server/-/kos-language-server-0.3.1.tgz",
      "integrity": "sha512-5F2gkZMYkmlfRUXXeJNxcc47P8oUjpBFNT4ZZE9Q7W41i3KQ8uQnGz4NV5mPBRHLagTjnHO36nawCRv3o6b7Gg==",
      "requires": {
        "jstat": "^1.7.1",
        "vscode-languageserver": "5.1.0"
      }
    },
    "vscode-jsonrpc": {
      "version": "4.0.0",
      "resolved": "https://registry.npmjs.org/vscode-jsonrpc/-/vscode-jsonrpc-4.0.0.tgz",
      "integrity": "sha512-perEnXQdQOJMTDFNv+UF3h1Y0z4iSiaN9jIlb0OqIYgosPCZGYh/MCUlkFtV2668PL69lRDO32hmvL2yiidUYg=="
    },
    "vscode-languageserver": {
      "version": "5.1.0",
      "resolved": "https://registry.npmjs.org/vscode-languageserver/-/vscode-languageserver-5.1.0.tgz",
      "integrity": "sha512-CIsrgx2Y5VHS317g/HwkSTWYBIQmy0DwEyZPmB2pEpVOhYFwVsYpbiJwHIIyLQsQtmRaO4eA2xM8KPjNSdXpBw==",
      "requires": {
        "vscode-languageserver-protocol": "3.13.0",
        "vscode-uri": "^1.0.6"
      }
    },
    "vscode-languageserver-protocol": {
      "version": "3.13.0",
      "resolved": "https://registry.npmjs.org/vscode-languageserver-protocol/-/vscode-languageserver-protocol-3.13.0.tgz",
      "integrity": "sha512-2ZGKwI+P2ovQll2PGAp+2UfJH+FK9eait86VBUdkPd9HRlm8e58aYT9pV/NYanHOcp3pL6x2yTLVCFMcTer0mg==",
      "requires": {
        "vscode-jsonrpc": "^4.0.0",
        "vscode-languageserver-types": "3.13.0"
      }
    },
    "vscode-languageserver-types": {
      "version": "3.13.0",
      "resolved": "https://registry.npmjs.org/vscode-languageserver-types/-/vscode-languageserver-types-3.13.0.tgz",
      "integrity": "sha512-BnJIxS+5+8UWiNKCP7W3g9FlE7fErFw0ofP5BXJe7c2tl0VeWh+nNHFbwAS2vmVC4a5kYxHBjRy0UeOtziemVA=="
    },
    "vscode-uri": {
      "version": "1.0.6",
      "resolved": "https://registry.npmjs.org/vscode-uri/-/vscode-uri-1.0.6.tgz",
      "integrity": "sha512-sLI2L0uGov3wKVb9EB+vIQBl9tVP90nqRvxSoJ35vI3NjxE8jfsE5DSOhWgSunHSZmKS4OCi2jrtfxK7uyp2ww=="
    }
  }
}
